// !$*UTF8*$!
{
	archiveVersion = 1;
	classes = {
	};
	objectVersion = 77;
	objects = {

/* Begin PBXBuildFile section */
		C31391B8335C1CFF6C3F8801 /* Pods_HairSalon.framework in Frameworks */ = {isa = PBXBuildFile; fileRef = 075A77C3316CA4645A5E76C1 /* Pods_HairSalon.framework */; };
		E209A54A2E44CD1600C4229E /* Assets.xcassets in Resources */ = {isa = PBXBuildFile; fileRef = E209A5422E44CD1600C4229E /* Assets.xcassets */; };
		E209A54C2E44CD1600C4229E /* LaunchScreen.storyboard in Resources */ = {isa = PBXBuildFile; fileRef = E209A5442E44CD1600C4229E /* LaunchScreen.storyboard */; };
		E209A54D2E44CD1600C4229E /* Main.storyboard in Resources */ = {isa = PBXBuildFile; fileRef = E209A5452E44CD1600C4229E /* Main.storyboard */; };
		E209A54E2E44CD1600C4229E /* AppDelegate.swift in Sources */ = {isa = PBXBuildFile; fileRef = E209A5412E44CD1600C4229E /* AppDelegate.swift */; };
		E209A54F2E44CD1600C4229E /* SceneDelegate.swift in Sources */ = {isa = PBXBuildFile; fileRef = E209A5462E44CD1600C4229E /* SceneDelegate.swift */; };
		E209A5502E44CD1600C4229E /* ViewController.swift in Sources */ = {isa = PBXBuildFile; fileRef = E209A5472E44CD1600C4229E /* ViewController.swift */; };
/* End PBXBuildFile section */

/* Begin PBXFileReference section */
		075A77C3316CA4645A5E76C1 /* Pods_HairSalon.framework */ = {isa = PBXFileReference; explicitFileType = wrapper.framework; includeInIndex = 0; path = Pods_HairSalon.framework; sourceTree = BUILT_PRODUCTS_DIR; };
		1633720BF13A29CBD7B23EAE /* Pods-HairSalon.debug.xcconfig */ = {isa = PBXFileReference; includeInIndex = 1; lastKnownFileType = text.xcconfig; name = "Pods-HairSalon.debug.xcconfig"; path = "Target Support Files/Pods-HairSalon/Pods-HairSalon.debug.xcconfig"; sourceTree = "<group>"; };
		E209A5192E44CBCE00C4229E /* HairSalon.app */ = {isa = PBXFileReference; explicitFileType = wrapper.application; includeInIndex = 0; path = HairSalon.app; sourceTree = BUILT_PRODUCTS_DIR; };
		E209A5412E44CD1600C4229E /* AppDelegate.swift */ = {isa = PBXFileReference; lastKnownFileType = sourcecode.swift; path = AppDelegate.swift; sourceTree = "<group>"; };
		E209A5422E44CD1600C4229E /* Assets.xcassets */ = {isa = PBXFileReference; lastKnownFileType = folder.assetcatalog; path = Assets.xcassets; sourceTree = "<group>"; };
		E209A5462E44CD1600C4229E /* SceneDelegate.swift */ = {isa = PBXFileReference; lastKnownFileType = sourcecode.swift; path = SceneDelegate.swift; sourceTree = "<group>"; };
		E209A5472E44CD1600C4229E /* ViewController.swift */ = {isa = PBXFileReference; lastKnownFileType = sourcecode.swift; path = ViewController.swift; sourceTree = "<group>"; };
		E209A5482E44CD1600C4229E /* Base */ = {isa = PBXFileReference; lastKnownFileType = file.storyboard; name = Base; path = Base.lproj/LaunchScreen.storyboard; sourceTree = "<group>"; };
		E209A5492E44CD1600C4229E /* Base */ = {isa = PBXFileReference; lastKnownFileType = file.storyboard; name = Base; path = Base.lproj/Main.storyboard; sourceTree = "<group>"; };
		E6D69970C7D558D2257FEF1C /* Pods-HairSalon.release.xcconfig */ = {isa = PBXFileReference; includeInIndex = 1; lastKnownFileType = text.xcconfig; name = "Pods-HairSalon.release.xcconfig"; path = "Target Support Files/Pods-HairSalon/Pods-HairSalon.release.xcconfig"; sourceTree = "<group>"; };
/* End PBXFileReference section */

/* Begin PBXFileSystemSynchronizedBuildFileExceptionSet section */
		E209A52B2E44CBCF00C4229E /* Exceptions for "HairSalon" folder in "HairSalon" target */ = {
			isa = PBXFileSystemSynchronizedBuildFileExceptionSet;
			membershipExceptions = (
				Info.plist,
			);
			target = E209A5182E44CBCE00C4229E /* HairSalon */;
		};
/* End PBXFileSystemSynchronizedBuildFileExceptionSet section */

/* Begin PBXFileSystemSynchronizedRootGroup section */
		E209A51B2E44CBCE00C4229E /* HairSalon */ = {
			isa = PBXFileSystemSynchronizedRootGroup;
			exceptions = (
				E209A52B2E44CBCF00C4229E /* Exceptions for "HairSalon" folder in "HairSalon" target */,
			);
			path = HairSalon;
			sourceTree = "<group>";
		};
/* End PBXFileSystemSynchronizedRootGroup section */

/* Begin PBXFrameworksBuildPhase section */
		E209A5162E44CBCE00C4229E /* Frameworks */ = {
			isa = PBXFrameworksBuildPhase;
			buildActionMask = 2147483647;
			files = (
				C31391B8335C1CFF6C3F8801 /* Pods_HairSalon.framework in Frameworks */,
			);
			runOnlyForDeploymentPostprocessing = 0;
		};
/* End PBXFrameworksBuildPhase section */

/* Begin PBXGroup section */
		7563F3D5D930E86197A918EB /* Frameworks */ = {
			isa = PBXGroup;
			children = (
				075A77C3316CA4645A5E76C1 /* Pods_HairSalon.framework */,
			);
			name = Frameworks;
			sourceTree = "<group>";
		};
		E209A5102E44CBCE00C4229E = {
			isa = PBXGroup;
			children = (
				E209A57C2E44CDBE00C4229E /* Project */,
				E209A51A2E44CBCE00C4229E /* Products */,
				FC3F656DD0E08F926A61C302 /* Pods */,
				7563F3D5D930E86197A918EB /* Frameworks */,
				E209A51B2E44CBCE00C4229E /* HairSalon */,
			);
			sourceTree = "<group>";
		};
		E209A51A2E44CBCE00C4229E /* Products */ = {
			isa = PBXGroup;
			children = (
				E209A5192E44CBCE00C4229E /* HairSalon.app */,
			);
			name = Products;
			sourceTree = "<group>";
		};
		E209A57C2E44CDBE00C4229E /* Project */ = {
			isa = PBXGroup;
			children = (
				E209A57E2E44CDDC00C4229E /* code */,
				E209A57D2E44CDD400C4229E /* app */,
			);
			path = Project;
			sourceTree = "<group>";
		};
		E209A57D2E44CDD400C4229E /* app */ = {
			isa = PBXGroup;
			children = (
				E209A5412E44CD1600C4229E /* AppDelegate.swift */,
				E209A5422E44CD1600C4229E /* Assets.xcassets */,
				E209A5442E44CD1600C4229E /* LaunchScreen.storyboard */,
				E209A5452E44CD1600C4229E /* Main.storyboard */,
				E209A5462E44CD1600C4229E /* SceneDelegate.swift */,
			);
			path = app;
			sourceTree = "<group>";
		};
		E209A57E2E44CDDC00C4229E /* code */ = {
			isa = PBXGroup;
			children = (
				E209A5472E44CD1600C4229E /* ViewController.swift */,
			);
			path = code;
			sourceTree = "<group>";
		};
		FC3F656DD0E08F926A61C302 /* Pods */ = {
			isa = PBXGroup;
			children = (
				1633720BF13A29CBD7B23EAE /* Pods-HairSalon.debug.xcconfig */,
				E6D69970C7D558D2257FEF1C /* Pods-HairSalon.release.xcconfig */,
			);
			path = Pods;
			sourceTree = "<group>";
		};
/* End PBXGroup section */

/* Begin PBXNativeTarget section */
		E209A5182E44CBCE00C4229E /* HairSalon */ = {
			isa = PBXNativeTarget;
			buildConfigurationList = E209A52C2E44CBCF00C4229E /* Build configuration list for PBXNativeTarget "HairSalon" */;
			buildPhases = (
				BEBB6FE7E28DA26DAA4E983A /* [CP] Check Pods Manifest.lock */,
				E209A5152E44CBCE00C4229E /* Sources */,
				E209A5162E44CBCE00C4229E /* Frameworks */,
				E209A5172E44CBCE00C4229E /* Resources */,
				6C73BBBDB5862ED3C34B4EEA /* [CP] Embed Pods Frameworks */,
			);
			buildRules = (
			);
			dependencies = (
			);
			fileSystemSynchronizedGroups = (
				E209A51B2E44CBCE00C4229E /* HairSalon */,
			);
			name = HairSalon;
			productName = HairSalon;
			productReference = E209A5192E44CBCE00C4229E /* HairSalon.app */;
			productType = "com.apple.product-type.application";
		};
/* End PBXNativeTarget section */

/* Begin PBXProject section */
		E209A5112E44CBCE00C4229E /* Project object */ = {
			isa = PBXProject;
			attributes = {
				BuildIndependentTargetsInParallel = 1;
				LastSwiftUpdateCheck = 1630;
				LastUpgradeCheck = 1630;
				TargetAttributes = {
					E209A5182E44CBCE00C4229E = {
						CreatedOnToolsVersion = 16.3;
					};
				};
			};
			buildConfigurationList = E209A5142E44CBCE00C4229E /* Build configuration list for PBXProject "HairSalon" */;
			developmentRegion = en;
			hasScannedForEncodings = 0;
			knownRegions = (
				en,
				Base,
			);
			mainGroup = E209A5102E44CBCE00C4229E;
			minimizedProjectReferenceProxies = 1;
			preferredProjectObjectVersion = 77;
			productRefGroup = E209A51A2E44CBCE00C4229E /* Products */;
			projectDirPath = "";
			projectRoot = "";
			targets = (
				E209A5182E44CBCE00C4229E /* HairSalon */,
			);
		};
/* End PBXProject section */

/* Begin PBXResourcesBuildPhase section */
		E209A5172E44CBCE00C4229E /* Resources */ = {
			isa = PBXResourcesBuildPhase;
			buildActionMask = 2147483647;
			files = (
				E209A54A2E44CD1600C4229E /* Assets.xcassets in Resources */,
				E209A54C2E44CD1600C4229E /* LaunchScreen.storyboard in Resources */,
				E209A54D2E44CD1600C4229E /* Main.storyboard in Resources */,
			);
			runOnlyForDeploymentPostprocessing = 0;
		};
/* End PBXResourcesBuildPhase section */

/* Begin PBXShellScriptBuildPhase section */
		6C73BBBDB5862ED3C34B4EEA /* [CP] Embed Pods Frameworks */ = {
			isa = PBXShellScriptBuildPhase;
			buildActionMask = 2147483647;
			files = (
			);
			inputFileListPaths = (
				"${PODS_ROOT}/Target Support Files/Pods-HairSalon/Pods-HairSalon-frameworks-${CONFIGURATION}-input-files.xcfilelist",
			);
			inputPaths = (
			);
			name = "[CP] Embed Pods Frameworks";
			outputFileListPaths = (
				"${PODS_ROOT}/Target Support Files/Pods-HairSalon/Pods-HairSalon-frameworks-${CONFIGURATION}-output-files.xcfilelist",
			);
			outputPaths = (
			);
			runOnlyForDeploymentPostprocessing = 0;
			shellPath = /bin/sh;
			shellScript = "\"${PODS_ROOT}/Target Support Files/Pods-HairSalon/Pods-HairSalon-frameworks.sh\"\n";
			showEnvVarsInLog = 0;
		};
		BEBB6FE7E28DA26DAA4E983A /* [CP] Check Pods Manifest.lock */ = {
			isa = PBXShellScriptBuildPhase;
			buildActionMask = 2147483647;
			files = (
			);
			inputFileListPaths = (
			);
			inputPaths = (
				"${PODS_PODFILE_DIR_PATH}/Podfile.lock",
				"${PODS_ROOT}/Manifest.lock",
			);
			name = "[CP] Check Pods Manifest.lock";
			outputFileListPaths = (
			);
			outputPaths = (
				"$(DERIVED_FILE_DIR)/Pods-HairSalon-checkManifestLockResult.txt",
			);
			runOnlyForDeploymentPostprocessing = 0;
			shellPath = /bin/sh;
			shellScript = "diff \"${PODS_PODFILE_DIR_PATH}/Podfile.lock\" \"${PODS_ROOT}/Manifest.lock\" > /dev/null\nif [ $? != 0 ] ; then\n    # print error to STDERR\n    echo \"error: The sandbox is not in sync with the Podfile.lock. Run 'pod install' or update your CocoaPods installation.\" >&2\n    exit 1\nfi\n# This output is used by Xcode 'outputs' to avoid re-running this script phase.\necho \"SUCCESS\" > \"${SCRIPT_OUTPUT_FILE_0}\"\n";
			showEnvVarsInLog = 0;
		};
/* End PBXShellScriptBuildPhase section */

/* Begin PBXSourcesBuildPhase section */
		E209A5152E44CBCE00C4229E /* Sources */ = {
			isa = PBXSourcesBuildPhase;
			buildActionMask = 2147483647;
			files = (
				E209A54E2E44CD1600C4229E /* AppDelegate.swift in Sources */,
				E209A54F2E44CD1600C4229E /* SceneDelegate.swift in Sources */,
				E209A5502E44CD1600C4229E /* ViewController.swift in Sources */,
			);
			runOnlyForDeploymentPostprocessing = 0;
		};
/* End PBXSourcesBuildPhase section */

/* Begin PBXVariantGroup section */
		E209A5442E44CD1600C4229E /* LaunchScreen.storyboard */ = {
			isa = PBXVariantGroup;
			children = (
				E209A5482E44CD1600C4229E /* Base */,
			);
			name = LaunchScreen.storyboard;
			sourceTree = "<group>";
		};
		E209A5452E44CD1600C4229E /* Main.storyboard */ = {
			isa = PBXVariantGroup;
			children = (
				E209A5492E44CD1600C4229E /* Base */,
			);
			name = Main.storyboard;
			sourceTree = "<group>";
		};
/* End PBXVariantGroup section */

/* Begin XCBuildConfiguration section */
		E209A52D2E44CBCF00C4229E /* Debug */ = {
			isa = XCBuildConfiguration;
			baseConfigurationReference = 1633720BF13A29CBD7B23EAE /* Pods-HairSalon.debug.xcconfig */;
			buildSettings = {
				ASSETCATALOG_COMPILER_APPICON_NAME = AppIcon;
				ASSETCATALOG_COMPILER_GLOBAL_ACCENT_COLOR_NAME = AccentColor;
				CODE_SIGN_STYLE = Automatic;
				CURRENT_PROJECT_VERSION = 1;
				DEVELOPMENT_TEAM = Q2D82RTJ73;
				ENABLE_USER_SCRIPT_SANDBOXING = NO;
				GENERATE_INFOPLIST_FILE = YES;
				INFOPLIST_FILE = HairSalon/Info.plist;
				INFOPLIST_KEY_UIApplicationSupportsIndirectInputEvents = YES;
				INFOPLIST_KEY_UILaunchStoryboardName = LaunchScreen;
				INFOPLIST_KEY_UIMainStoryboardFile = Main;
				INFOPLIST_KEY_UISupportedInterfaceOrientations_iPad = "UIInterfaceOrientationPortrait UIInterfaceOrientationPortraitUpsideDown UIInterfaceOrientationLandscapeLeft UIInterfaceOrientationLandscapeRight";
				INFOPLIST_KEY_UISupportedInterfaceOrientations_iPhone = "UIInterfaceOrientationPortrait UIInterfaceOrientationLandscapeLeft UIInterfaceOrientationLandscapeRight";
				LD_RUNPATH_SEARCH_PATHS = (
					"$(inherited)",
					"@executable_path/Frameworks",
				);
				MARKETING_VERSION = 1.0;
				PRODUCT_BUNDLE_IDENTIFIER = rurik.HairSalon;
				PRODUCT_NAME = "$(TARGET_NAME)";
				SWIFT_EMIT_LOC_STRINGS = YES;
				SWIFT_VERSION = 5.0;
				TARGETED_DEVICE_FAMILY = "1,2";
			};
			name = Debug;
		};
		E209A52E2E44CBCF00C4229E /* Release */ = {
			isa = XCBuildConfiguration;
			baseConfigurationReference = E6D69970C7D558D2257FEF1C /* Pods-HairSalon.release.xcconfig */;
			buildSettings = {
				ASSETCATALOG_COMPILER_APPICON_NAME = AppIcon;
				ASSETCATALOG_COMPILER_GLOBAL_ACCENT_COLOR_NAME = AccentColor;
				CODE_SIGN_STYLE = Automatic;
				CURRENT_PROJECT_VERSION = 1;
				DEVELOPMENT_TEAM = Q2D82RTJ73;
				ENABLE_USER_SCRIPT_SANDBOXING = NO;
				GENERATE_INFOPLIST_FILE = YES;
				INFOPLIST_FILE = HairSalon/Info.plist;
				INFOPLIST_KEY_UIApplicationSupportsIndirectInputEvents = YES;
				INFOPLIST_KEY_UILaunchStoryboardName = LaunchScreen;
				INFOPLIST_KEY_UIMainStoryboardFile = Main;
				INFOPLIST_KEY_UISupportedInterfaceOrientations_iPad = "UIInterfaceOrientationPortrait UIInterfaceOrientationPortraitUpsideDown UIInterfaceOrientationLandscapeLeft UIInterfaceOrientationLandscapeRight";
				INFOPLIST_KEY_UISupportedInterfaceOrientations_iPhone = "UIInterfaceOrientationPortrait UIInterfaceOrientationLandscapeLeft UIInterfaceOrientationLandscapeRight";
				LD_RUNPATH_SEARCH_PATHS = (
					"$(inherited)",
					"@executable_path/Frameworks",
				);
				MARKETING_VERSION = 1.0;
				PRODUCT_BUNDLE_IDENTIFIER = rurik.HairSalon;
				PRODUCT_NAME = "$(TARGET_NAME)";
				SWIFT_EMIT_LOC_STRINGS = YES;
				SWIFT_VERSION = 5.0;
				TARGETED_DEVICE_FAMILY = "1,2";
			};
			name = Release;
		};
		E209A52F2E44CBCF00C4229E /* Debug */ = {
			isa = XCBuildConfiguration;
			buildSettings = {
				ALWAYS_SEARCH_USER_PATHS = NO;
				ASSETCATALOG_COMPILER_GENERATE_SWIFT_ASSET_SYMBOL_EXTENSIONS = YES;
				CLANG_ANALYZER_NONNULL = YES;
				CLANG_ANALYZER_NUMBER_OBJECT_CONVERSION = YES_AGGRESSIVE;
				CLANG_CXX_LANGUAGE_STANDARD = "gnu++20";
				CLANG_ENABLE_MODULES = YES;
				CLANG_ENABLE_OBJC_ARC = YES;
				CLANG_ENABLE_OBJC_WEAK = YES;
				CLANG_WARN_BLOCK_CAPTURE_AUTORELEASING = YES;
				CLANG_WARN_BOOL_CONVERSION = YES;
				CLANG_WARN_COMMA = YES;
				CLANG_WARN_CONSTANT_CONVERSION = YES;
				CLANG_WARN_DEPRECATED_OBJC_IMPLEMENTATIONS = YES;
				CLANG_WARN_DIRECT_OBJC_ISA_USAGE = YES_ERROR;
				CLANG_WARN_DOCUMENTATION_COMMENTS = YES;
				CLANG_WARN_EMPTY_BODY = YES;
				CLANG_WARN_ENUM_CONVERSION = YES;
				CLANG_WARN_INFINITE_RECURSION = YES;
				CLANG_WARN_INT_CONVERSION = YES;
				CLANG_WARN_NON_LITERAL_NULL_CONVERSION = YES;
				CLANG_WARN_OBJC_IMPLICIT_RETAIN_SELF = YES;
				CLANG_WARN_OBJC_LITERAL_CONVERSION = YES;
				CLANG_WARN_OBJC_ROOT_CLASS = YES_ERROR;
				CLANG_WARN_QUOTED_INCLUDE_IN_FRAMEWORK_HEADER = YES;
				CLANG_WARN_RANGE_LOOP_ANALYSIS = YES;
				CLANG_WARN_STRICT_PROTOTYPES = YES;
				CLANG_WARN_SUSPICIOUS_MOVE = YES;
				CLANG_WARN_UNGUARDED_AVAILABILITY = YES_AGGRESSIVE;
				CLANG_WARN_UNREACHABLE_CODE = YES;
				CLANG_WARN__DUPLICATE_METHOD_MATCH = YES;
				COPY_PHASE_STRIP = NO;
				DEBUG_INFORMATION_FORMAT = dwarf;
				DEVELOPMENT_TEAM = Q2D82RTJ73;
				ENABLE_STRICT_OBJC_MSGSEND = YES;
				ENABLE_TESTABILITY = YES;
				ENABLE_USER_SCRIPT_SANDBOXING = YES;
				GCC_C_LANGUAGE_STANDARD = gnu17;
				GCC_DYNAMIC_NO_PIC = NO;
				GCC_NO_COMMON_BLOCKS = YES;
				GCC_OPTIMIZATION_LEVEL = 0;
				GCC_PREPROCESSOR_DEFINITIONS = (
					"DEBUG=1",
					"$(inherited)",
				);
				GCC_WARN_64_TO_32_BIT_CONVERSION = YES;
				GCC_WARN_ABOUT_RETURN_TYPE = YES_ERROR;
				GCC_WARN_UNDECLARED_SELECTOR = YES;
				GCC_WARN_UNINITIALIZED_AUTOS = YES_AGGRESSIVE;
				GCC_WARN_UNUSED_FUNCTION = YES;
				GCC_WARN_UNUSED_VARIABLE = YES;
				IPHONEOS_DEPLOYMENT_TARGET = 18.4;
				LOCALIZATION_PREFERS_STRING_CATALOGS = YES;
				MTL_ENABLE_DEBUG_INFO = INCLUDE_SOURCE;
				MTL_FAST_MATH = YES;
				ONLY_ACTIVE_ARCH = YES;
				SDKROOT = iphoneos;
				SWIFT_ACTIVE_COMPILATION_CONDITIONS = "DEBUG $(inherited)";
				SWIFT_OPTIMIZATION_LEVEL = "-Onone";
			};
			name = Debug;
		};
		E209A5302E44CBCF00C4229E /* Release */ = {
			isa = XCBuildConfiguration;
			buildSettings = {
				ALWAYS_SEARCH_USER_PATHS = NO;
				ASSETCATALOG_COMPILER_GENERATE_SWIFT_ASSET_SYMBOL_EXTENSIONS = YES;
				CLANG_ANALYZER_NONNULL = YES;
				CLANG_ANALYZER_NUMBER_OBJECT_CONVERSION = YES_AGGRESSIVE;
				CLANG_CXX_LANGUAGE_STANDARD = "gnu++20";
				CLANG_ENABLE_MODULES = YES;
				CLANG_ENABLE_OBJC_ARC = YES;
				CLANG_ENABLE_OBJC_WEAK = YES;
				CLANG_WARN_BLOCK_CAPTURE_AUTORELEASING = YES;
				CLANG_WARN_BOOL_CONVERSION = YES;
				CLANG_WARN_COMMA = YES;
				CLANG_WARN_CONSTANT_CONVERSION = YES;
				CLANG_WARN_DEPRECATED_OBJC_IMPLEMENTATIONS = YES;
				CLANG_WARN_DIRECT_OBJC_ISA_USAGE = YES_ERROR;
				CLANG_WARN_DOCUMENTATION_COMMENTS = YES;
				CLANG_WARN_EMPTY_BODY = YES;
				CLANG_WARN_ENUM_CONVERSION = YES;
				CLANG_WARN_INFINITE_RECURSION = YES;
				CLANG_WARN_INT_CONVERSION = YES;
				CLANG_WARN_NON_LITERAL_NULL_CONVERSION = YES;
				CLANG_WARN_OBJC_IMPLICIT_RETAIN_SELF = YES;
				CLANG_WARN_OBJC_LITERAL_CONVERSION = YES;
				CLANG_WARN_OBJC_ROOT_CLASS = YES_ERROR;
				CLANG_WARN_QUOTED_INCLUDE_IN_FRAMEWORK_HEADER = YES;
				CLANG_WARN_RANGE_LOOP_ANALYSIS = YES;
				CLANG_WARN_STRICT_PROTOTYPES = YES;
				CLANG_WARN_SUSPICIOUS_MOVE = YES;
				CLANG_WARN_UNGUARDED_AVAILABILITY = YES_AGGRESSIVE;
				CLANG_WARN_UNREACHABLE_CODE = YES;
				CLANG_WARN__DUPLICATE_METHOD_MATCH = YES;
				COPY_PHASE_STRIP = NO;
				DEBUG_INFORMATION_FORMAT = "dwarf-with-dsym";
				DEVELOPMENT_TEAM = Q2D82RTJ73;
				ENABLE_NS_ASSERTIONS = NO;
				ENABLE_STRICT_OBJC_MSGSEND = YES;
				ENABLE_USER_SCRIPT_SANDBOXING = YES;
				GCC_C_LANGUAGE_STANDARD = gnu17;
				GCC_NO_COMMON_BLOCKS = YES;
				GCC_WARN_64_TO_32_BIT_CONVERSION = YES;
				GCC_WARN_ABOUT_RETURN_TYPE = YES_ERROR;
				GCC_WARN_UNDECLARED_SELECTOR = YES;
				GCC_WARN_UNINITIALIZED_AUTOS = YES_AGGRESSIVE;
				GCC_WARN_UNUSED_FUNCTION = YES;
				GCC_WARN_UNUSED_VARIABLE = YES;
				IPHONEOS_DEPLOYMENT_TARGET = 18.4;
				LOCALIZATION_PREFERS_STRING_CATALOGS = YES;
				MTL_ENABLE_DEBUG_INFO = NO;
				MTL_FAST_MATH = YES;
				SDKROOT = iphoneos;
				SWIFT_COMPILATION_MODE = wholemodule;
				VALIDATE_PRODUCT = YES;
			};
			name = Release;
		};
/* End XCBuildConfiguration section */

/* Begin XCConfigurationList section */
		E209A5142E44CBCE00C4229E /* Build configuration list for PBXProject "HairSalon" */ = {
			isa = XCConfigurationList;
			buildConfigurations = (
				E209A52F2E44CBCF00C4229E /* Debug */,
				E209A5302E44CBCF00C4229E /* Release */,
			);
			defaultConfigurationIsVisible = 0;
			defaultConfigurationName = Release;
		};
		E209A52C2E44CBCF00C4229E /* Build configuration list for PBXNativeTarget "HairSalon" */ = {
			isa = XCConfigurationList;
			buildConfigurations = (
				E209A52D2E44CBCF00C4229E /* Debug */,
				E209A52E2E44CBCF00C4229E /* Release */,
			);
			defaultConfigurationIsVisible = 0;
			defaultConfigurationName = Release;
		};
/* End XCConfigurationList section */
	};
	rootObject = E209A5112E44CBCE00C4229E /* Project object */;
}
